
Microsoft Visual Studio Solution File, Format Version 12.00
# Visual Studio Version 17
VisualStudioVersion = 17.12.35728.132 d17.12
MinimumVisualStudioVersion = 10.0.40219.1
Project("{FAE04EC0-301F-11D3-BF4B-00C04F79EFBC}") = "StringLibrary", "StringLibrary\StringLibrary.csproj", "{7F288B73-D3B8-41E4-9B41-DFC7CBA3565A}"
EndProject
Project("{FAE04EC0-301F-11D3-BF4B-00C04F79EFBC}") = "ShowCase", "ShowCase\ShowCase.csproj", "{35635EDF-5C32-426C-88B2-CAFD3A02D7A3}"
EndProject
Project("{FAE04EC0-301F-11D3-BF4B-00C04F79EFBC}") = "ConsumeNuget", "ConsumeNuget\ConsumeNuget.csproj", "{EE4AC680-A040-49FA-9F47-1447431C6CC1}"
EndProject
Global
	GlobalSection(SolutionConfigurationPlatforms) = preSolution
		Debug|Any CPU = Debug|Any CPU
		Release|Any CPU = Release|Any CPU
	EndGlobalSection
	GlobalSection(ProjectConfigurationPlatforms) = postSolution
		{7F288B73-D3B8-41E4-9B41-DFC7CBA3565A}.Debug|Any CPU.ActiveCfg = Debug|Any CPU
		{7F288B73-D3B8-41E4-9B41-DFC7CBA3565A}.Debug|Any CPU.Build.0 = Debug|Any CPU
		{7F288B73-D3B8-41E4-9B41-DFC7CBA3565A}.Release|Any CPU.ActiveCfg = Release|Any CPU
		{7F288B73-D3B8-41E4-9B41-DFC7CBA3565A}.Release|Any CPU.Build.0 = Release|Any CPU
		{35635EDF-5C32-426C-88B2-CAFD3A02D7A3}.Debug|Any CPU.ActiveCfg = Debug|Any CPU
		{35635EDF-5C32-426C-88B2-CAFD3A02D7A3}.Debug|Any CPU.Build.0 = Debug|Any CPU
		{35635EDF-5C32-426C-88B2-CAFD3A02D7A3}.Release|Any CPU.ActiveCfg = Release|Any CPU
		{35635EDF-5C32-426C-88B2-CAFD3A02D7A3}.Release|Any CPU.Build.0 = Release|Any CPU
		{EE4AC680-A040-49FA-9F47-1447431C6CC1}.Debug|Any CPU.ActiveCfg = Debug|Any CPU
		{EE4AC680-A040-49FA-9F47-1447431C6CC1}.Debug|Any CPU.Build.0 = Debug|Any CPU
		{EE4AC680-A040-49FA-9F47-1447431C6CC1}.Release|Any CPU.ActiveCfg = Release|Any CPU
		{EE4AC680-A040-49FA-9F47-1447431C6CC1}.Release|Any CPU.Build.0 = Release|Any CPU
	EndGlobalSection
	GlobalSection(SolutionProperties) = preSolution
		HideSolutionNode = FALSE
	EndGlobalSection
EndGlobal
